
Microsoft Visual Studio Solution File, Format Version 12.00
# Visual Studio Version 17
VisualStudioVersion = 17.11.35219.272
MinimumVisualStudioVersion = 10.0.40219.1
Project("{9A19103F-16F7-4668-BE54-9A1E7A4F7556}") = "CanonAPI", "src\CanonAPI\CanonAPI.csproj", "{B7842419-ECAF-4E2A-B3CE-C2EDC587D7B8}"
EndProject
Project("{9A19103F-16F7-4668-BE54-9A1E7A4F7556}") = "CanonUtility", "src\CanonUtility\CanonUtility.csproj", "{F289475D-4943-43D7-A930-8187A9513BC6}"
EndProject
Project("{8BC9CEB8-8B4A-11D0-8D11-00A0C91BC942}") = "CanonCPP", "src\CanonCPP\CanonCPP.vcxproj", "{B53D2358-1863-4BB6-8997-3FC4C3A39E65}"
EndProject
Project("{9A19103F-16F7-4668-BE54-9A1E7A4F7556}") = "CanonTest", "test\CanonTest\CanonTest.csproj", "{4443A18F-0452-4E2B-BD5E-590C41D8D819}"
EndProject
Project("{9A19103F-16F7-4668-BE54-9A1E7A4F7556}") = "CanonConsole", "Src\CanonConsole\CanonConsole.csproj", "{AEBD8B2C-C734-4EE1-882C-97034A52210E}"
EndProject
Project("{FAE04EC0-301F-11D3-BF4B-00C04F79EFBC}") = "CanonWpf", "src\CanonWpf\CanonWpf.csproj", "{1D4FEA84-CB78-4082-BF2B-EC41FEACFB46}"
EndProject
Global
	GlobalSection(SolutionConfigurationPlatforms) = preSolution
		Debug|Any CPU = Debug|Any CPU
		Debug|x64 = Debug|x64
		Debug|x86 = Debug|x86
		Release|Any CPU = Release|Any CPU
		Release|x64 = Release|x64
		Release|x86 = Release|x86
	EndGlobalSection
	GlobalSection(ProjectConfigurationPlatforms) = postSolution
		{B7842419-ECAF-4E2A-B3CE-C2EDC587D7B8}.Debug|Any CPU.ActiveCfg = Debug|Any CPU
		{B7842419-ECAF-4E2A-B3CE-C2EDC587D7B8}.Debug|Any CPU.Build.0 = Debug|Any CPU
		{B7842419-ECAF-4E2A-B3CE-C2EDC587D7B8}.Debug|x64.ActiveCfg = Debug|Any CPU
		{B7842419-ECAF-4E2A-B3CE-C2EDC587D7B8}.Debug|x64.Build.0 = Debug|Any CPU
		{B7842419-ECAF-4E2A-B3CE-C2EDC587D7B8}.Debug|x86.ActiveCfg = Debug|Any CPU
		{B7842419-ECAF-4E2A-B3CE-C2EDC587D7B8}.Debug|x86.Build.0 = Debug|Any CPU
		{B7842419-ECAF-4E2A-B3CE-C2EDC587D7B8}.Release|Any CPU.ActiveCfg = Release|Any CPU
		{B7842419-ECAF-4E2A-B3CE-C2EDC587D7B8}.Release|Any CPU.Build.0 = Release|Any CPU
		{B7842419-ECAF-4E2A-B3CE-C2EDC587D7B8}.Release|x64.ActiveCfg = Release|Any CPU
		{B7842419-ECAF-4E2A-B3CE-C2EDC587D7B8}.Release|x64.Build.0 = Release|Any CPU
		{B7842419-ECAF-4E2A-B3CE-C2EDC587D7B8}.Release|x86.ActiveCfg = Release|Any CPU
		{B7842419-ECAF-4E2A-B3CE-C2EDC587D7B8}.Release|x86.Build.0 = Release|Any CPU
		{F289475D-4943-43D7-A930-8187A9513BC6}.Debug|Any CPU.ActiveCfg = Debug|Any CPU
		{F289475D-4943-43D7-A930-8187A9513BC6}.Debug|Any CPU.Build.0 = Debug|Any CPU
		{F289475D-4943-43D7-A930-8187A9513BC6}.Debug|x64.ActiveCfg = Debug|Any CPU
		{F289475D-4943-43D7-A930-8187A9513BC6}.Debug|x64.Build.0 = Debug|Any CPU
		{F289475D-4943-43D7-A930-8187A9513BC6}.Debug|x86.ActiveCfg = Debug|Any CPU
		{F289475D-4943-43D7-A930-8187A9513BC6}.Debug|x86.Build.0 = Debug|Any CPU
		{F289475D-4943-43D7-A930-8187A9513BC6}.Release|Any CPU.ActiveCfg = Release|Any CPU
		{F289475D-4943-43D7-A930-8187A9513BC6}.Release|Any CPU.Build.0 = Release|Any CPU
		{F289475D-4943-43D7-A930-8187A9513BC6}.Release|x64.ActiveCfg = Release|Any CPU
		{F289475D-4943-43D7-A930-8187A9513BC6}.Release|x64.Build.0 = Release|Any CPU
		{F289475D-4943-43D7-A930-8187A9513BC6}.Release|x86.ActiveCfg = Release|Any CPU
		{F289475D-4943-43D7-A930-8187A9513BC6}.Release|x86.Build.0 = Release|Any CPU
		{B53D2358-1863-4BB6-8997-3FC4C3A39E65}.Debug|Any CPU.ActiveCfg = Debug|x64
		{B53D2358-1863-4BB6-8997-3FC4C3A39E65}.Debug|Any CPU.Build.0 = Debug|x64
		{B53D2358-1863-4BB6-8997-3FC4C3A39E65}.Debug|x64.ActiveCfg = Debug|x64
		{B53D2358-1863-4BB6-8997-3FC4C3A39E65}.Debug|x64.Build.0 = Debug|x64
		{B53D2358-1863-4BB6-8997-3FC4C3A39E65}.Debug|x86.ActiveCfg = Debug|Win32
		{B53D2358-1863-4BB6-8997-3FC4C3A39E65}.Debug|x86.Build.0 = Debug|Win32
		{B53D2358-1863-4BB6-8997-3FC4C3A39E65}.Release|Any CPU.ActiveCfg = Release|x64
		{B53D2358-1863-4BB6-8997-3FC4C3A39E65}.Release|Any CPU.Build.0 = Release|x64
		{B53D2358-1863-4BB6-8997-3FC4C3A39E65}.Release|x64.ActiveCfg = Release|x64
		{B53D2358-1863-4BB6-8997-3FC4C3A39E65}.Release|x64.Build.0 = Release|x64
		{B53D2358-1863-4BB6-8997-3FC4C3A39E65}.Release|x86.ActiveCfg = Release|Win32
		{B53D2358-1863-4BB6-8997-3FC4C3A39E65}.Release|x86.Build.0 = Release|Win32
		{4443A18F-0452-4E2B-BD5E-590C41D8D819}.Debug|Any CPU.ActiveCfg = Debug|Any CPU
		{4443A18F-0452-4E2B-BD5E-590C41D8D819}.Debug|Any CPU.Build.0 = Debug|Any CPU
		{4443A18F-0452-4E2B-BD5E-590C41D8D819}.Debug|x64.ActiveCfg = Debug|Any CPU
		{4443A18F-0452-4E2B-BD5E-590C41D8D819}.Debug|x64.Build.0 = Debug|Any CPU
		{4443A18F-0452-4E2B-BD5E-590C41D8D819}.Debug|x86.ActiveCfg = Debug|Any CPU
		{4443A18F-0452-4E2B-BD5E-590C41D8D819}.Debug|x86.Build.0 = Debug|Any CPU
		{4443A18F-0452-4E2B-BD5E-590C41D8D819}.Release|Any CPU.ActiveCfg = Release|Any CPU
		{4443A18F-0452-4E2B-BD5E-590C41D8D819}.Release|Any CPU.Build.0 = Release|Any CPU
		{4443A18F-0452-4E2B-BD5E-590C41D8D819}.Release|x64.ActiveCfg = Release|Any CPU
		{4443A18F-0452-4E2B-BD5E-590C41D8D819}.Release|x64.Build.0 = Release|Any CPU
		{4443A18F-0452-4E2B-BD5E-590C41D8D819}.Release|x86.ActiveCfg = Release|Any CPU
		{4443A18F-0452-4E2B-BD5E-590C41D8D819}.Release|x86.Build.0 = Release|Any CPU
		{AEBD8B2C-C734-4EE1-882C-97034A52210E}.Debug|Any CPU.ActiveCfg = Debug|Any CPU
		{AEBD8B2C-C734-4EE1-882C-97034A52210E}.Debug|Any CPU.Build.0 = Debug|Any CPU
		{AEBD8B2C-C734-4EE1-882C-97034A52210E}.Debug|x64.ActiveCfg = Debug|Any CPU
		{AEBD8B2C-C734-4EE1-882C-97034A52210E}.Debug|x64.Build.0 = Debug|Any CPU
		{AEBD8B2C-C734-4EE1-882C-97034A52210E}.Debug|x86.ActiveCfg = Debug|Any CPU
		{AEBD8B2C-C734-4EE1-882C-97034A52210E}.Debug|x86.Build.0 = Debug|Any CPU
		{AEBD8B2C-C734-4EE1-882C-97034A52210E}.Release|Any CPU.ActiveCfg = Release|Any CPU
		{AEBD8B2C-C734-4EE1-882C-97034A52210E}.Release|Any CPU.Build.0 = Release|Any CPU
		{AEBD8B2C-C734-4EE1-882C-97034A52210E}.Release|x64.ActiveCfg = Release|Any CPU
		{AEBD8B2C-C734-4EE1-882C-97034A52210E}.Release|x64.Build.0 = Release|Any CPU
		{AEBD8B2C-C734-4EE1-882C-97034A52210E}.Release|x86.ActiveCfg = Release|Any CPU
		{AEBD8B2C-C734-4EE1-882C-97034A52210E}.Release|x86.Build.0 = Release|Any CPU
		{1D4FEA84-CB78-4082-BF2B-EC41FEACFB46}.Debug|Any CPU.ActiveCfg = Debug|Any CPU
		{1D4FEA84-CB78-4082-BF2B-EC41FEACFB46}.Debug|Any CPU.Build.0 = Debug|Any CPU
		{1D4FEA84-CB78-4082-BF2B-EC41FEACFB46}.Debug|x64.ActiveCfg = Debug|Any CPU
		{1D4FEA84-CB78-4082-BF2B-EC41FEACFB46}.Debug|x64.Build.0 = Debug|Any CPU
		{1D4FEA84-CB78-4082-BF2B-EC41FEACFB46}.Debug|x86.ActiveCfg = Debug|Any CPU
		{1D4FEA84-CB78-4082-BF2B-EC41FEACFB46}.Debug|x86.Build.0 = Debug|Any CPU
		{1D4FEA84-CB78-4082-BF2B-EC41FEACFB46}.Release|Any CPU.ActiveCfg = Release|Any CPU
		{1D4FEA84-CB78-4082-BF2B-EC41FEACFB46}.Release|Any CPU.Build.0 = Release|Any CPU
		{1D4FEA84-CB78-4082-BF2B-EC41FEACFB46}.Release|x64.ActiveCfg = Release|Any CPU
		{1D4FEA84-CB78-4082-BF2B-EC41FEACFB46}.Release|x64.Build.0 = Release|Any CPU
		{1D4FEA84-CB78-4082-BF2B-EC41FEACFB46}.Release|x86.ActiveCfg = Release|Any CPU
		{1D4FEA84-CB78-4082-BF2B-EC41FEACFB46}.Release|x86.Build.0 = Release|Any CPU
	EndGlobalSection
	GlobalSection(SolutionProperties) = preSolution
		HideSolutionNode = FALSE
	EndGlobalSection
	GlobalSection(ExtensibilityGlobals) = postSolution
		SolutionGuid = {C28ADC97-4035-46C2-AF27-D4B886D9A312}
	EndGlobalSection
EndGlobal
